// !$*UTF8*$!
{
	archiveVersion = 1;
	classes = {
	};
	objectVersion = 46;
	objects = {

/* Begin PBXBuildFile section */
		350F33C016F5F73100359945 /* UIKit.framework in Frameworks */ = {isa = PBXBuildFile; fileRef = 350F33BF16F5F73100359945 /* UIKit.framework */; };
		350F33C216F5F73100359945 /* Foundation.framework in Frameworks */ = {isa = PBXBuildFile; fileRef = 350F33C116F5F73100359945 /* Foundation.framework */; };
		350F33C416F5F73100359945 /* CoreGraphics.framework in Frameworks */ = {isa = PBXBuildFile; fileRef = 350F33C316F5F73100359945 /* CoreGraphics.framework */; };
		350F33CA16F5F73100359945 /* InfoPlist.strings in Resources */ = {isa = PBXBuildFile; fileRef = 350F33C816F5F73100359945 /* InfoPlist.strings */; };
		350F33CC16F5F73100359945 /* main.m in Sources */ = {isa = PBXBuildFile; fileRef = 350F33CB16F5F73100359945 /* main.m */; };
		350F33D016F5F73100359945 /* AppDelegate.m in Sources */ = {isa = PBXBuildFile; fileRef = 350F33CF16F5F73100359945 /* AppDelegate.m */; };
		350F33D216F5F73100359945 /* Default.png in Resources */ = {isa = PBXBuildFile; fileRef = 350F33D116F5F73100359945 /* Default.png */; };
		350F33D416F5F73100359945 /* Default@2x.png in Resources */ = {isa = PBXBuildFile; fileRef = 350F33D316F5F73100359945 /* Default@2x.png */; };
		350F33D616F5F73100359945 /* Default-568h@2x.png in Resources */ = {isa = PBXBuildFile; fileRef = 350F33D516F5F73100359945 /* Default-568h@2x.png */; };
		350F33D916F5F73100359945 /* ViewController.m in Sources */ = {isa = PBXBuildFile; fileRef = 350F33D816F5F73100359945 /* ViewController.m */; };
		350F33DC16F5F73100359945 /* ViewController.xib in Resources */ = {isa = PBXBuildFile; fileRef = 350F33DA16F5F73100359945 /* ViewController.xib */; };
		350F33E416F5F73100359945 /* SenTestingKit.framework in Frameworks */ = {isa = PBXBuildFile; fileRef = 350F33E316F5F73100359945 /* SenTestingKit.framework */; };
		350F33E516F5F73100359945 /* UIKit.framework in Frameworks */ = {isa = PBXBuildFile; fileRef = 350F33BF16F5F73100359945 /* UIKit.framework */; };
		350F33E616F5F73100359945 /* Foundation.framework in Frameworks */ = {isa = PBXBuildFile; fileRef = 350F33C116F5F73100359945 /* Foundation.framework */; };
		350F33EE16F5F73100359945 /* InfoPlist.strings in Resources */ = {isa = PBXBuildFile; fileRef = 350F33EC16F5F73100359945 /* InfoPlist.strings */; };
		350F33F116F5F73100359945 /* AOC2_Week3Tests.m in Sources */ = {isa = PBXBuildFile; fileRef = 350F33F016F5F73100359945 /* AOC2_Week3Tests.m */; };
		350F33FD16F5F79300359945 /* addEvent.m in Sources */ = {isa = PBXBuildFile; fileRef = 350F33FB16F5F79300359945 /* addEvent.m */; };
		350F33FE16F5F79300359945 /* addEvent.xib in Resources */ = {isa = PBXBuildFile; fileRef = 350F33FC16F5F79300359945 /* addEvent.xib */; };
		354BCCE116F96B9000FBC139 /* closeButton.png in Resources */ = {isa = PBXBuildFile; fileRef = 354BCCDF16F96B9000FBC139 /* closeButton.png */; };
		354BCCE216F96B9000FBC139 /* saveButton.png in Resources */ = {isa = PBXBuildFile; fileRef = 354BCCE016F96B9000FBC139 /* saveButton.png */; };
		354BCCE416F96C8A00FBC139 /* addEventButton.png in Resources */ = {isa = PBXBuildFile; fileRef = 354BCCE316F96C8A00FBC139 /* addEventButton.png */; };
		354BCCE616F96D5100FBC139 /* header.png in Resources */ = {isa = PBXBuildFile; fileRef = 354BCCE516F96D5100FBC139 /* header.png */; };
/* End PBXBuildFile section */

/* Begin PBXContainerItemProxy section */
		350F33E716F5F73100359945 /* PBXContainerItemProxy */ = {
			isa = PBXContainerItemProxy;
			containerPortal = 350F33B416F5F73100359945 /* Project object */;
			proxyType = 1;
			remoteGlobalIDString = 350F33BB16F5F73100359945;
			remoteInfo = "AOC2 Week3";
		};
/* End PBXContainerItemProxy section */

/* Begin PBXFileReference section */
		350F33BC16F5F73100359945 /* AOC2 Week3.app */ = {isa = PBXFileReference; explicitFileType = wrapper.application; includeInIndex = 0; path = "AOC2 Week3.app"; sourceTree = BUILT_PRODUCTS_DIR; };
		350F33BF16F5F73100359945 /* UIKit.framework */ = {isa = PBXFileReference; lastKnownFileType = wrapper.framework; name = UIKit.framework; path = System/Library/Frameworks/UIKit.framework; sourceTree = SDKROOT; };
		350F33C116F5F73100359945 /* Foundation.framework */ = {isa = PBXFileReference; lastKnownFileType = wrapper.framework; name = Foundation.framework; path = System/Library/Frameworks/Foundation.framework; sourceTree = SDKROOT; };
		350F33C316F5F73100359945 /* CoreGraphics.framework */ = {isa = PBXFileReference; lastKnownFileType = wrapper.framework; name = CoreGraphics.framework; path = System/Library/Frameworks/CoreGraphics.framework; sourceTree = SDKROOT; };
		350F33C716F5F73100359945 /* AOC2 Week3-Info.plist */ = {isa = PBXFileReference; lastKnownFileType = text.plist.xml; path = "AOC2 Week3-Info.plist"; sourceTree = "<group>"; };
		350F33C916F5F73100359945 /* en */ = {isa = PBXFileReference; lastKnownFileType = text.plist.strings; name = en; path = en.lproj/InfoPlist.strings; sourceTree = "<group>"; };
		350F33CB16F5F73100359945 /* main.m */ = {isa = PBXFileReference; lastKnownFileType = sourcecode.c.objc; path = main.m; sourceTree = "<group>"; };
		350F33CD16F5F73100359945 /* AOC2 Week3-Prefix.pch */ = {isa = PBXFileReference; lastKnownFileType = sourcecode.c.h; path = "AOC2 Week3-Prefix.pch"; sourceTree = "<group>"; };
		350F33CE16F5F73100359945 /* AppDelegate.h */ = {isa = PBXFileReference; lastKnownFileType = sourcecode.c.h; path = AppDelegate.h; sourceTree = "<group>"; };
		350F33CF16F5F73100359945 /* AppDelegate.m */ = {isa = PBXFileReference; lastKnownFileType = sourcecode.c.objc; path = AppDelegate.m; sourceTree = "<group>"; };
		350F33D116F5F73100359945 /* Default.png */ = {isa = PBXFileReference; lastKnownFileType = image.png; path = Default.png; sourceTree = "<group>"; };
		350F33D316F5F73100359945 /* Default@2x.png */ = {isa = PBXFileReference; lastKnownFileType = image.png; path = "Default@2x.png"; sourceTree = "<group>"; };
		350F33D516F5F73100359945 /* Default-568h@2x.png */ = {isa = PBXFileReference; lastKnownFileType = image.png; path = "Default-568h@2x.png"; sourceTree = "<group>"; };
		350F33D716F5F73100359945 /* ViewController.h */ = {isa = PBXFileReference; lastKnownFileType = sourcecode.c.h; path = ViewController.h; sourceTree = "<group>"; };
		350F33D816F5F73100359945 /* ViewController.m */ = {isa = PBXFileReference; lastKnownFileType = sourcecode.c.objc; path = ViewController.m; sourceTree = "<group>"; };
		350F33DB16F5F73100359945 /* en */ = {isa = PBXFileReference; lastKnownFileType = file.xib; name = en; path = en.lproj/ViewController.xib; sourceTree = "<group>"; };
		350F33E216F5F73100359945 /* AOC2 Week3Tests.octest */ = {isa = PBXFileReference; explicitFileType = wrapper.cfbundle; includeInIndex = 0; path = "AOC2 Week3Tests.octest"; sourceTree = BUILT_PRODUCTS_DIR; };
		350F33E316F5F73100359945 /* SenTestingKit.framework */ = {isa = PBXFileReference; lastKnownFileType = wrapper.framework; name = SenTestingKit.framework; path = Library/Frameworks/SenTestingKit.framework; sourceTree = DEVELOPER_DIR; };
		350F33EB16F5F73100359945 /* AOC2 Week3Tests-Info.plist */ = {isa = PBXFileReference; lastKnownFileType = text.plist.xml; path = "AOC2 Week3Tests-Info.plist"; sourceTree = "<group>"; };
		350F33ED16F5F73100359945 /* en */ = {isa = PBXFileReference; lastKnownFileType = text.plist.strings; name = en; path = en.lproj/InfoPlist.strings; sourceTree = "<group>"; };
		350F33EF16F5F73100359945 /* AOC2_Week3Tests.h */ = {isa = PBXFileReference; lastKnownFileType = sourcecode.c.h; path = AOC2_Week3Tests.h; sourceTree = "<group>"; };
		350F33F016F5F73100359945 /* AOC2_Week3Tests.m */ = {isa = PBXFileReference; lastKnownFileType = sourcecode.c.objc; path = AOC2_Week3Tests.m; sourceTree = "<group>"; };
		350F33FA16F5F79300359945 /* addEvent.h */ = {isa = PBXFileReference; fileEncoding = 4; lastKnownFileType = sourcecode.c.h; path = addEvent.h; sourceTree = "<group>"; };
		350F33FB16F5F79300359945 /* addEvent.m */ = {isa = PBXFileReference; fileEncoding = 4; lastKnownFileType = sourcecode.c.objc; path = addEvent.m; sourceTree = "<group>"; };
		350F33FC16F5F79300359945 /* addEvent.xib */ = {isa = PBXFileReference; fileEncoding = 4; lastKnownFileType = file.xib; path = addEvent.xib; sourceTree = "<group>"; };
		354BCCDF16F96B9000FBC139 /* closeButton.png */ = {isa = PBXFileReference; lastKnownFileType = image.png; path = closeButton.png; sourceTree = "<group>"; };
		354BCCE016F96B9000FBC139 /* saveButton.png */ = {isa = PBXFileReference; lastKnownFileType = image.png; path = saveButton.png; sourceTree = "<group>"; };
		354BCCE316F96C8A00FBC139 /* addEventButton.png */ = {isa = PBXFileReference; lastKnownFileType = image.png; path = addEventButton.png; sourceTree = "<group>"; };
		354BCCE516F96D5100FBC139 /* header.png */ = {isa = PBXFileReference; lastKnownFileType = image.png; path = header.png; sourceTree = "<group>"; };
/* End PBXFileReference section */

/* Begin PBXFrameworksBuildPhase section */
		350F33B916F5F73100359945 /* Frameworks */ = {
			isa = PBXFrameworksBuildPhase;
			buildActionMask = 2147483647;
			files = (
				350F33C016F5F73100359945 /* UIKit.framework in Frameworks */,
				350F33C216F5F73100359945 /* Foundation.framework in Frameworks */,
				350F33C416F5F73100359945 /* CoreGraphics.framework in Frameworks */,
			);
			runOnlyForDeploymentPostprocessing = 0;
		};
		350F33DE16F5F73100359945 /* Frameworks */ = {
			isa = PBXFrameworksBuildPhase;
			buildActionMask = 2147483647;
			files = (
				350F33E416F5F73100359945 /* SenTestingKit.framework in Frameworks */,
				350F33E516F5F73100359945 /* UIKit.framework in Frameworks */,
				350F33E616F5F73100359945 /* Foundation.framework in Frameworks */,
			);
			runOnlyForDeploymentPostprocessing = 0;
		};
/* End PBXFrameworksBuildPhase section */

/* Begin PBXGroup section */
		350F33B316F5F73100359945 = {
			isa = PBXGroup;
			children = (
				350F33C516F5F73100359945 /* AOC2 Week3 */,
				350F33E916F5F73100359945 /* AOC2 Week3Tests */,
				350F33BE16F5F73100359945 /* Frameworks */,
				350F33BD16F5F73100359945 /* Products */,
			);
			sourceTree = "<group>";
		};
		350F33BD16F5F73100359945 /* Products */ = {
			isa = PBXGroup;
			children = (
				350F33BC16F5F73100359945 /* AOC2 Week3.app */,
				350F33E216F5F73100359945 /* AOC2 Week3Tests.octest */,
			);
			name = Products;
			sourceTree = "<group>";
		};
		350F33BE16F5F73100359945 /* Frameworks */ = {
			isa = PBXGroup;
			children = (
				350F33BF16F5F73100359945 /* UIKit.framework */,
				350F33C116F5F73100359945 /* Foundation.framework */,
				350F33C316F5F73100359945 /* CoreGraphics.framework */,
				350F33E316F5F73100359945 /* SenTestingKit.framework */,
			);
			name = Frameworks;
			sourceTree = "<group>";
		};
		350F33C516F5F73100359945 /* AOC2 Week3 */ = {
			isa = PBXGroup;
			children = (
				354BCCE516F96D5100FBC139 /* header.png */,
				354BCCE316F96C8A00FBC139 /* addEventButton.png */,
				354BCCDF16F96B9000FBC139 /* closeButton.png */,
				354BCCE016F96B9000FBC139 /* saveButton.png */,
				350F33CE16F5F73100359945 /* AppDelegate.h */,
				350F33CF16F5F73100359945 /* AppDelegate.m */,
				350F33D716F5F73100359945 /* ViewController.h */,
				350F33D816F5F73100359945 /* ViewController.m */,
				350F33DA16F5F73100359945 /* ViewController.xib */,
				350F33C616F5F73100359945 /* Supporting Files */,
				350F33FA16F5F79300359945 /* addEvent.h */,
				350F33FB16F5F79300359945 /* addEvent.m */,
				350F33FC16F5F79300359945 /* addEvent.xib */,
			);
			path = "AOC2 Week3";
			sourceTree = "<group>";
		};
		350F33C616F5F73100359945 /* Supporting Files */ = {
			isa = PBXGroup;
			children = (
				350F33C716F5F73100359945 /* AOC2 Week3-Info.plist */,
				350F33C816F5F73100359945 /* InfoPlist.strings */,
				350F33CB16F5F73100359945 /* main.m */,
				350F33CD16F5F73100359945 /* AOC2 Week3-Prefix.pch */,
				350F33D116F5F73100359945 /* Default.png */,
				350F33D316F5F73100359945 /* Default@2x.png */,
				350F33D516F5F73100359945 /* Default-568h@2x.png */,
			);
			name = "Supporting Files";
			sourceTree = "<group>";
		};
		350F33E916F5F73100359945 /* AOC2 Week3Tests */ = {
			isa = PBXGroup;
			children = (
				350F33EF16F5F73100359945 /* AOC2_Week3Tests.h */,
				350F33F016F5F73100359945 /* AOC2_Week3Tests.m */,
				350F33EA16F5F73100359945 /* Supporting Files */,
			);
			path = "AOC2 Week3Tests";
			sourceTree = "<group>";
		};
		350F33EA16F5F73100359945 /* Supporting Files */ = {
			isa = PBXGroup;
			children = (
				350F33EB16F5F73100359945 /* AOC2 Week3Tests-Info.plist */,
				350F33EC16F5F73100359945 /* InfoPlist.strings */,
			);
			name = "Supporting Files";
			sourceTree = "<group>";
		};
/* End PBXGroup section */

/* Begin PBXNativeTarget section */
		350F33BB16F5F73100359945 /* AOC2 Week3 */ = {
			isa = PBXNativeTarget;
			buildConfigurationList = 350F33F416F5F73100359945 /* Build configuration list for PBXNativeTarget "AOC2 Week3" */;
			buildPhases = (
				350F33B816F5F73100359945 /* Sources */,
				350F33B916F5F73100359945 /* Frameworks */,
				350F33BA16F5F73100359945 /* Resources */,
			);
			buildRules = (
			);
			dependencies = (
			);
			name = "AOC2 Week3";
			productName = "AOC2 Week3";
			productReference = 350F33BC16F5F73100359945 /* AOC2 Week3.app */;
			productType = "com.apple.product-type.application";
		};
		350F33E116F5F73100359945 /* AOC2 Week3Tests */ = {
			isa = PBXNativeTarget;
			buildConfigurationList = 350F33F716F5F73100359945 /* Build configuration list for PBXNativeTarget "AOC2 Week3Tests" */;
			buildPhases = (
				350F33DD16F5F73100359945 /* Sources */,
				350F33DE16F5F73100359945 /* Frameworks */,
				350F33DF16F5F73100359945 /* Resources */,
				350F33E016F5F73100359945 /* ShellScript */,
			);
			buildRules = (
			);
			dependencies = (
				350F33E816F5F73100359945 /* PBXTargetDependency */,
			);
			name = "AOC2 Week3Tests";
			productName = "AOC2 Week3Tests";
			productReference = 350F33E216F5F73100359945 /* AOC2 Week3Tests.octest */;
			productType = "com.apple.product-type.bundle";
		};
/* End PBXNativeTarget section */

/* Begin PBXProject section */
		350F33B416F5F73100359945 /* Project object */ = {
			isa = PBXProject;
			attributes = {
				LastUpgradeCheck = 0460;
				ORGANIZATIONNAME = "Adam Vinsant";
			};
			buildConfigurationList = 350F33B716F5F73100359945 /* Build configuration list for PBXProject "AOC2 Week3" */;
			compatibilityVersion = "Xcode 3.2";
			developmentRegion = English;
			hasScannedForEncodings = 0;
			knownRegions = (
				en,
			);
			mainGroup = 350F33B316F5F73100359945;
			productRefGroup = 350F33BD16F5F73100359945 /* Products */;
			projectDirPath = "";
			projectRoot = "";
			targets = (
				350F33BB16F5F73100359945 /* AOC2 Week3 */,
				350F33E116F5F73100359945 /* AOC2 Week3Tests */,
			);
		};
/* End PBXProject section */

/* Begin PBXResourcesBuildPhase section */
		350F33BA16F5F73100359945 /* Resources */ = {
			isa = PBXResourcesBuildPhase;
			buildActionMask = 2147483647;
			files = (
				350F33CA16F5F73100359945 /* InfoPlist.strings in Resources */,
				350F33D216F5F73100359945 /* Default.png in Resources */,
				350F33D416F5F73100359945 /* Default@2x.png in Resources */,
				350F33D616F5F73100359945 /* Default-568h@2x.png in Resources */,
				350F33DC16F5F73100359945 /* ViewController.xib in Resources */,
				350F33FE16F5F79300359945 /* addEvent.xib in Resources */,
				354BCCE116F96B9000FBC139 /* closeButton.png in Resources */,
				354BCCE216F96B9000FBC139 /* saveButton.png in Resources */,
				354BCCE416F96C8A00FBC139 /* addEventButton.png in Resources */,
				354BCCE616F96D5100FBC139 /* header.png in Resources */,
			);
			runOnlyForDeploymentPostprocessing = 0;
		};
		350F33DF16F5F73100359945 /* Resources */ = {
			isa = PBXResourcesBuildPhase;
			buildActionMask = 2147483647;
			files = (
				350F33EE16F5F73100359945 /* InfoPlist.strings in Resources */,
			);
			runOnlyForDeploymentPostprocessing = 0;
		};
/* End PBXResourcesBuildPhase section */

/* Begin PBXShellScriptBuildPhase section */
		350F33E016F5F73100359945 /* ShellScript */ = {
			isa = PBXShellScriptBuildPhase;
			buildActionMask = 2147483647;
			files = (
			);
			inputPaths = (
			);
			outputPaths = (
			);
			runOnlyForDeploymentPostprocessing = 0;
			shellPath = /bin/sh;
			shellScript = "# Run the unit tests in this test bundle.\n\"${SYSTEM_DEVELOPER_DIR}/Tools/RunUnitTests\"\n";
		};
/* End PBXShellScriptBuildPhase section */

/* Begin PBXSourcesBuildPhase section */
		350F33B816F5F73100359945 /* Sources */ = {
			isa = PBXSourcesBuildPhase;
			buildActionMask = 2147483647;
			files = (
				350F33CC16F5F73100359945 /* main.m in Sources */,
				350F33D016F5F73100359945 /* AppDelegate.m in Sources */,
				350F33D916F5F73100359945 /* ViewController.m in Sources */,
				350F33FD16F5F79300359945 /* addEvent.m in Sources */,
			);
			runOnlyForDeploymentPostprocessing = 0;
		};
		350F33DD16F5F73100359945 /* Sources */ = {
			isa = PBXSourcesBuildPhase;
			buildActionMask = 2147483647;
			files = (
				350F33F116F5F73100359945 /* AOC2_Week3Tests.m in Sources */,
			);
			runOnlyForDeploymentPostprocessing = 0;
		};
/* End PBXSourcesBuildPhase section */

/* Begin PBXTargetDependency section */
		350F33E816F5F73100359945 /* PBXTargetDependency */ = {
			isa = PBXTargetDependency;
			target = 350F33BB16F5F73100359945 /* AOC2 Week3 */;
			targetProxy = 350F33E716F5F73100359945 /* PBXContainerItemProxy */;
		};
/* End PBXTargetDependency section */

/* Begin PBXVariantGroup section */
		350F33C816F5F73100359945 /* InfoPlist.strings */ = {
			isa = PBXVariantGroup;
			children = (
				350F33C916F5F73100359945 /* en */,
			);
			name = InfoPlist.strings;
			sourceTree = "<group>";
		};
		350F33DA16F5F73100359945 /* ViewController.xib */ = {
			isa = PBXVariantGroup;
			children = (
				350F33DB16F5F73100359945 /* en */,
			);
			name = ViewController.xib;
			sourceTree = "<group>";
		};
		350F33EC16F5F73100359945 /* InfoPlist.strings */ = {
			isa = PBXVariantGroup;
			children = (
				350F33ED16F5F73100359945 /* en */,
			);
			name = InfoPlist.strings;
			sourceTree = "<group>";
		};
/* End PBXVariantGroup section */

/* Begin XCBuildConfiguration section */
		350F33F216F5F73100359945 /* Debug */ = {
			isa = XCBuildConfiguration;
			buildSettings = {
				ALWAYS_SEARCH_USER_PATHS = NO;
				CLANG_CXX_LANGUAGE_STANDARD = "gnu++0x";
				CLANG_CXX_LIBRARY = "libc++";
				CLANG_ENABLE_OBJC_ARC = YES;
				CLANG_WARN_CONSTANT_CONVERSION = YES;
				CLANG_WARN_EMPTY_BODY = YES;
				CLANG_WARN_ENUM_CONVERSION = YES;
				CLANG_WARN_INT_CONVERSION = YES;
				CLANG_WARN__DUPLICATE_METHOD_MATCH = YES;
				"CODE_SIGN_IDENTITY[sdk=iphoneos*]" = "iPhone Developer";
				COPY_PHASE_STRIP = NO;
				GCC_C_LANGUAGE_STANDARD = gnu99;
				GCC_DYNAMIC_NO_PIC = NO;
				GCC_OPTIMIZATION_LEVEL = 0;
				GCC_PREPROCESSOR_DEFINITIONS = (
					"DEBUG=1",
					"$(inherited)",
				);
				GCC_SYMBOLS_PRIVATE_EXTERN = NO;
				GCC_WARN_ABOUT_RETURN_TYPE = YES;
				GCC_WARN_UNINITIALIZED_AUTOS = YES;
				GCC_WARN_UNUSED_VARIABLE = YES;
				IPHONEOS_DEPLOYMENT_TARGET = 6.1;
				ONLY_ACTIVE_ARCH = YES;
				SDKROOT = iphoneos;
			};
			name = Debug;
		};
		350F33F316F5F73100359945 /* Release */ = {
			isa = XCBuildConfiguration;
			buildSettings = {
				ALWAYS_SEARCH_USER_PATHS = NO;
				CLANG_CXX_LANGUAGE_STANDARD = "gnu++0x";
				CLANG_CXX_LIBRARY = "libc++";
				CLANG_ENABLE_OBJC_ARC = YES;
				CLANG_WARN_CONSTANT_CONVERSION = YES;
				CLANG_WARN_EMPTY_BODY = YES;
				CLANG_WARN_ENUM_CONVERSION = YES;
				CLANG_WARN_INT_CONVERSION = YES;
				CLANG_WARN__DUPLICATE_METHOD_MATCH = YES;
				"CODE_SIGN_IDENTITY[sdk=iphoneos*]" = "iPhone Developer";
				COPY_PHASE_STRIP = YES;
				GCC_C_LANGUAGE_STANDARD = gnu99;
				GCC_WARN_ABOUT_RETURN_TYPE = YES;
				GCC_WARN_UNINITIALIZED_AUTOS = YES;
				GCC_WARN_UNUSED_VARIABLE = YES;
				IPHONEOS_DEPLOYMENT_TARGET = 6.1;
				OTHER_CFLAGS = "-DNS_BLOCK_ASSERTIONS=1";
				SDKROOT = iphoneos;
				VALIDATE_PRODUCT = YES;
			};
			name = Release;
		};
		350F33F516F5F73100359945 /* Debug */ = {
			isa = XCBuildConfiguration;
			buildSettings = {
				GCC_PRECOMPILE_PREFIX_HEADER = YES;
				GCC_PREFIX_HEADER = "AOC2 Week3/AOC2 Week3-Prefix.pch";
				INFOPLIST_FILE = "AOC2 Week3/AOC2 Week3-Info.plist";
				PRODUCT_NAME = "$(TARGET_NAME)";
				WRAPPER_EXTENSION = app;
			};
			name = Debug;
		};
		350F33F616F5F73100359945 /* Release */ = {
			isa = XCBuildConfiguration;
			buildSettings = {
				GCC_PRECOMPILE_PREFIX_HEADER = YES;
				GCC_PREFIX_HEADER = "AOC2 Week3/AOC2 Week3-Prefix.pch";
				INFOPLIST_FILE = "AOC2 Week3/AOC2 Week3-Info.plist";
				PRODUCT_NAME = "$(TARGET_NAME)";
				WRAPPER_EXTENSION = app;
			};
			name = Release;
		};
		350F33F816F5F73100359945 /* Debug */ = {
			isa = XCBuildConfiguration;
			buildSettings = {
				BUNDLE_LOADER = "$(BUILT_PRODUCTS_DIR)/AOC2 Week3.app/AOC2 Week3";
				FRAMEWORK_SEARCH_PATHS = (
					"\"$(SDKROOT)/Developer/Library/Frameworks\"",
					"\"$(DEVELOPER_LIBRARY_DIR)/Frameworks\"",
				);
				GCC_PRECOMPILE_PREFIX_HEADER = YES;
				GCC_PREFIX_HEADER = "AOC2 Week3/AOC2 Week3-Prefix.pch";
				INFOPLIST_FILE = "AOC2 Week3Tests/AOC2 Week3Tests-Info.plist";
				PRODUCT_NAME = "$(TARGET_NAME)";
				TEST_HOST = "$(BUNDLE_LOADER)";
				WRAPPER_EXTENSION = octest;
			};
			name = Debug;
		};
		350F33F916F5F73100359945 /* Release */ = {
			isa = XCBuildConfiguration;
			buildSettings = {
				BUNDLE_LOADER = "$(BUILT_PRODUCTS_DIR)/AOC2 Week3.app/AOC2 Week3";
				FRAMEWORK_SEARCH_PATHS = (
					"\"$(SDKROOT)/Developer/Library/Frameworks\"",
					"\"$(DEVELOPER_LIBRARY_DIR)/Frameworks\"",
				);
				GCC_PRECOMPILE_PREFIX_HEADER = YES;
				GCC_PREFIX_HEADER = "AOC2 Week3/AOC2 Week3-Prefix.pch";
				INFOPLIST_FILE = "AOC2 Week3Tests/AOC2 Week3Tests-Info.plist";
				PRODUCT_NAME = "$(TARGET_NAME)";
				TEST_HOST = "$(BUNDLE_LOADER)";
				WRAPPER_EXTENSION = octest;
			};
			name = Release;
		};
/* End XCBuildConfiguration section */

/* Begin XCConfigurationList section */
		350F33B716F5F73100359945 /* Build configuration list for PBXProject "AOC2 Week3" */ = {
			isa = XCConfigurationList;
			buildConfigurations = (
				350F33F216F5F73100359945 /* Debug */,
				350F33F316F5F73100359945 /* Release */,
			);
			defaultConfigurationIsVisible = 0;
			defaultConfigurationName = Release;
		};
		350F33F416F5F73100359945 /* Build configuration list for PBXNativeTarget "AOC2 Week3" */ = {
			isa = XCConfigurationList;
			buildConfigurations = (
				350F33F516F5F73100359945 /* Debug */,
				350F33F616F5F73100359945 /* Release */,
			);
			defaultConfigurationIsVisible = 0;
			defaultConfigurationName = Release;
		};
		350F33F716F5F73100359945 /* Build configuration list for PBXNativeTarget "AOC2 Week3Tests" */ = {
			isa = XCConfigurationList;
			buildConfigurations = (
				350F33F816F5F73100359945 /* Debug */,
				350F33F916F5F73100359945 /* Release */,
			);
			defaultConfigurationIsVisible = 0;
			defaultConfigurationName = Release;
		};
/* End XCConfigurationList section */
	};
	rootObject = 350F33B416F5F73100359945 /* Project object */;
}
